
Microsoft Visual Studio Solution File, Format Version 12.00
# Visual Studio Version 17
VisualStudioVersion = 17.4.33213.308
MinimumVisualStudioVersion = 10.0.40219.1
Project("{9A19103F-16F7-4668-BE54-9A1E7A4F7556}") = "Sandbox", "Sandbox\Sandbox.csproj", "{B40D1B66-3A4A-4906-B066-F8B82C6FC88F}"
EndProject
Project("{2150E333-8FDC-42A3-9474-1A3956D46DE8}") = "Tools", "Tools", "{9BF21280-4284-406B-A028-170B23F61951}"
EndProject
Project("{FAE04EC0-301F-11D3-BF4B-00C04F79EFBC}") = "StatimLanguage", "StatimLanguage\StatimLanguage.csproj", "{D6432C01-B826-4204-9774-52DC5274D01C}"
EndProject
Project("{9A19103F-16F7-4668-BE54-9A1E7A4F7556}") = "StatimUI", "StatimUI\StatimUI.csproj", "{A17E5574-2279-4D49-B43B-A25F08EBDC8D}"
EndProject
Project("{FAE04EC0-301F-11D3-BF4B-00C04F79EFBC}") = "Test", "Test\Test.csproj", "{8A17DA0B-3D49-4C7B-A4D2-C914C5F44BF0}"
EndProject
Project("{FAE04EC0-301F-11D3-BF4B-00C04F79EFBC}") = "HelloSourceGenerator", "HelloSourceGenerator\HelloSourceGenerator.csproj", "{A6890558-2FD3-441B-9D42-DC7050D2FA8C}"
EndProject
Global
	GlobalSection(SolutionConfigurationPlatforms) = preSolution
		Debug|Any CPU = Debug|Any CPU
		Debug|arm64 = Debug|arm64
		Debug|x64 = Debug|x64
		Debug|x86 = Debug|x86
		Release|Any CPU = Release|Any CPU
		Release|arm64 = Release|arm64
		Release|x64 = Release|x64
		Release|x86 = Release|x86
	EndGlobalSection
	GlobalSection(ProjectConfigurationPlatforms) = postSolution
		{B40D1B66-3A4A-4906-B066-F8B82C6FC88F}.Debug|Any CPU.ActiveCfg = Debug|Any CPU
		{B40D1B66-3A4A-4906-B066-F8B82C6FC88F}.Debug|Any CPU.Build.0 = Debug|Any CPU
		{B40D1B66-3A4A-4906-B066-F8B82C6FC88F}.Debug|arm64.ActiveCfg = Debug|Any CPU
		{B40D1B66-3A4A-4906-B066-F8B82C6FC88F}.Debug|arm64.Build.0 = Debug|Any CPU
		{B40D1B66-3A4A-4906-B066-F8B82C6FC88F}.Debug|x64.ActiveCfg = Debug|Any CPU
		{B40D1B66-3A4A-4906-B066-F8B82C6FC88F}.Debug|x64.Build.0 = Debug|Any CPU
		{B40D1B66-3A4A-4906-B066-F8B82C6FC88F}.Debug|x86.ActiveCfg = Debug|Any CPU
		{B40D1B66-3A4A-4906-B066-F8B82C6FC88F}.Debug|x86.Build.0 = Debug|Any CPU
		{B40D1B66-3A4A-4906-B066-F8B82C6FC88F}.Release|Any CPU.ActiveCfg = Release|Any CPU
		{B40D1B66-3A4A-4906-B066-F8B82C6FC88F}.Release|Any CPU.Build.0 = Release|Any CPU
		{B40D1B66-3A4A-4906-B066-F8B82C6FC88F}.Release|arm64.ActiveCfg = Release|Any CPU
		{B40D1B66-3A4A-4906-B066-F8B82C6FC88F}.Release|arm64.Build.0 = Release|Any CPU
		{B40D1B66-3A4A-4906-B066-F8B82C6FC88F}.Release|x64.ActiveCfg = Release|Any CPU
		{B40D1B66-3A4A-4906-B066-F8B82C6FC88F}.Release|x64.Build.0 = Release|Any CPU
		{B40D1B66-3A4A-4906-B066-F8B82C6FC88F}.Release|x86.ActiveCfg = Release|Any CPU
		{B40D1B66-3A4A-4906-B066-F8B82C6FC88F}.Release|x86.Build.0 = Release|Any CPU
		{D6432C01-B826-4204-9774-52DC5274D01C}.Debug|Any CPU.ActiveCfg = Debug|Any CPU
		{D6432C01-B826-4204-9774-52DC5274D01C}.Debug|Any CPU.Build.0 = Debug|Any CPU
		{D6432C01-B826-4204-9774-52DC5274D01C}.Debug|arm64.ActiveCfg = Debug|arm64
		{D6432C01-B826-4204-9774-52DC5274D01C}.Debug|arm64.Build.0 = Debug|arm64
		{D6432C01-B826-4204-9774-52DC5274D01C}.Debug|x64.ActiveCfg = Debug|Any CPU
		{D6432C01-B826-4204-9774-52DC5274D01C}.Debug|x64.Build.0 = Debug|Any CPU
		{D6432C01-B826-4204-9774-52DC5274D01C}.Debug|x86.ActiveCfg = Debug|x86
		{D6432C01-B826-4204-9774-52DC5274D01C}.Debug|x86.Build.0 = Debug|x86
		{D6432C01-B826-4204-9774-52DC5274D01C}.Release|Any CPU.ActiveCfg = Release|Any CPU
		{D6432C01-B826-4204-9774-52DC5274D01C}.Release|Any CPU.Build.0 = Release|Any CPU
		{D6432C01-B826-4204-9774-52DC5274D01C}.Release|arm64.ActiveCfg = Release|arm64
		{D6432C01-B826-4204-9774-52DC5274D01C}.Release|arm64.Build.0 = Release|arm64
		{D6432C01-B826-4204-9774-52DC5274D01C}.Release|x64.ActiveCfg = Release|Any CPU
		{D6432C01-B826-4204-9774-52DC5274D01C}.Release|x64.Build.0 = Release|Any CPU
		{D6432C01-B826-4204-9774-52DC5274D01C}.Release|x86.ActiveCfg = Release|x86
		{D6432C01-B826-4204-9774-52DC5274D01C}.Release|x86.Build.0 = Release|x86
		{A17E5574-2279-4D49-B43B-A25F08EBDC8D}.Debug|Any CPU.ActiveCfg = Debug|Any CPU
		{A17E5574-2279-4D49-B43B-A25F08EBDC8D}.Debug|Any CPU.Build.0 = Debug|Any CPU
		{A17E5574-2279-4D49-B43B-A25F08EBDC8D}.Debug|arm64.ActiveCfg = Debug|Any CPU
		{A17E5574-2279-4D49-B43B-A25F08EBDC8D}.Debug|arm64.Build.0 = Debug|Any CPU
		{A17E5574-2279-4D49-B43B-A25F08EBDC8D}.Debug|x64.ActiveCfg = Debug|Any CPU
		{A17E5574-2279-4D49-B43B-A25F08EBDC8D}.Debug|x64.Build.0 = Debug|Any CPU
		{A17E5574-2279-4D49-B43B-A25F08EBDC8D}.Debug|x86.ActiveCfg = Debug|Any CPU
		{A17E5574-2279-4D49-B43B-A25F08EBDC8D}.Debug|x86.Build.0 = Debug|Any CPU
		{A17E5574-2279-4D49-B43B-A25F08EBDC8D}.Release|Any CPU.ActiveCfg = Release|Any CPU
		{A17E5574-2279-4D49-B43B-A25F08EBDC8D}.Release|Any CPU.Build.0 = Release|Any CPU
		{A17E5574-2279-4D49-B43B-A25F08EBDC8D}.Release|arm64.ActiveCfg = Release|Any CPU
		{A17E5574-2279-4D49-B43B-A25F08EBDC8D}.Release|arm64.Build.0 = Release|Any CPU
		{A17E5574-2279-4D49-B43B-A25F08EBDC8D}.Release|x64.ActiveCfg = Release|Any CPU
		{A17E5574-2279-4D49-B43B-A25F08EBDC8D}.Release|x64.Build.0 = Release|Any CPU
		{A17E5574-2279-4D49-B43B-A25F08EBDC8D}.Release|x86.ActiveCfg = Release|Any CPU
		{A17E5574-2279-4D49-B43B-A25F08EBDC8D}.Release|x86.Build.0 = Release|Any CPU
		{8A17DA0B-3D49-4C7B-A4D2-C914C5F44BF0}.Debug|Any CPU.ActiveCfg = Debug|Any CPU
		{8A17DA0B-3D49-4C7B-A4D2-C914C5F44BF0}.Debug|Any CPU.Build.0 = Debug|Any CPU
		{8A17DA0B-3D49-4C7B-A4D2-C914C5F44BF0}.Debug|arm64.ActiveCfg = Debug|Any CPU
		{8A17DA0B-3D49-4C7B-A4D2-C914C5F44BF0}.Debug|arm64.Build.0 = Debug|Any CPU
		{8A17DA0B-3D49-4C7B-A4D2-C914C5F44BF0}.Debug|x64.ActiveCfg = Debug|Any CPU
		{8A17DA0B-3D49-4C7B-A4D2-C914C5F44BF0}.Debug|x64.Build.0 = Debug|Any CPU
		{8A17DA0B-3D49-4C7B-A4D2-C914C5F44BF0}.Debug|x86.ActiveCfg = Debug|Any CPU
		{8A17DA0B-3D49-4C7B-A4D2-C914C5F44BF0}.Debug|x86.Build.0 = Debug|Any CPU
		{8A17DA0B-3D49-4C7B-A4D2-C914C5F44BF0}.Release|Any CPU.ActiveCfg = Release|Any CPU
		{8A17DA0B-3D49-4C7B-A4D2-C914C5F44BF0}.Release|Any CPU.Build.0 = Release|Any CPU
		{8A17DA0B-3D49-4C7B-A4D2-C914C5F44BF0}.Release|arm64.ActiveCfg = Release|Any CPU
		{8A17DA0B-3D49-4C7B-A4D2-C914C5F44BF0}.Release|arm64.Build.0 = Release|Any CPU
		{8A17DA0B-3D49-4C7B-A4D2-C914C5F44BF0}.Release|x64.ActiveCfg = Release|Any CPU
		{8A17DA0B-3D49-4C7B-A4D2-C914C5F44BF0}.Release|x64.Build.0 = Release|Any CPU
		{8A17DA0B-3D49-4C7B-A4D2-C914C5F44BF0}.Release|x86.ActiveCfg = Release|Any CPU
		{8A17DA0B-3D49-4C7B-A4D2-C914C5F44BF0}.Release|x86.Build.0 = Release|Any CPU
		{A6890558-2FD3-441B-9D42-DC7050D2FA8C}.Debug|Any CPU.ActiveCfg = Debug|Any CPU
		{A6890558-2FD3-441B-9D42-DC7050D2FA8C}.Debug|Any CPU.Build.0 = Debug|Any CPU
		{A6890558-2FD3-441B-9D42-DC7050D2FA8C}.Debug|arm64.ActiveCfg = Debug|Any CPU
		{A6890558-2FD3-441B-9D42-DC7050D2FA8C}.Debug|arm64.Build.0 = Debug|Any CPU
		{A6890558-2FD3-441B-9D42-DC7050D2FA8C}.Debug|x64.ActiveCfg = Debug|Any CPU
		{A6890558-2FD3-441B-9D42-DC7050D2FA8C}.Debug|x64.Build.0 = Debug|Any CPU
		{A6890558-2FD3-441B-9D42-DC7050D2FA8C}.Debug|x86.ActiveCfg = Debug|Any CPU
		{A6890558-2FD3-441B-9D42-DC7050D2FA8C}.Debug|x86.Build.0 = Debug|Any CPU
		{A6890558-2FD3-441B-9D42-DC7050D2FA8C}.Release|Any CPU.ActiveCfg = Release|Any CPU
		{A6890558-2FD3-441B-9D42-DC7050D2FA8C}.Release|Any CPU.Build.0 = Release|Any CPU
		{A6890558-2FD3-441B-9D42-DC7050D2FA8C}.Release|arm64.ActiveCfg = Release|Any CPU
		{A6890558-2FD3-441B-9D42-DC7050D2FA8C}.Release|arm64.Build.0 = Release|Any CPU
		{A6890558-2FD3-441B-9D42-DC7050D2FA8C}.Release|x64.ActiveCfg = Release|Any CPU
		{A6890558-2FD3-441B-9D42-DC7050D2FA8C}.Release|x64.Build.0 = Release|Any CPU
		{A6890558-2FD3-441B-9D42-DC7050D2FA8C}.Release|x86.ActiveCfg = Release|Any CPU
		{A6890558-2FD3-441B-9D42-DC7050D2FA8C}.Release|x86.Build.0 = Release|Any CPU
	EndGlobalSection
	GlobalSection(SolutionProperties) = preSolution
		HideSolutionNode = FALSE
	EndGlobalSection
	GlobalSection(NestedProjects) = preSolution
		{D6432C01-B826-4204-9774-52DC5274D01C} = {9BF21280-4284-406B-A028-170B23F61951}
	EndGlobalSection
	GlobalSection(ExtensibilityGlobals) = postSolution
		SolutionGuid = {DAAEE657-8E47-4A65-A29F-FC80B693B9B7}
	EndGlobalSection
EndGlobal
